
Microsoft Visual Studio Solution File, Format Version 12.00
# Visual Studio Version 17
VisualStudioVersion = 17.5.33424.131
MinimumVisualStudioVersion = 10.0.40219.1
Project("{9A19103F-16F7-4668-BE54-9A1E7A4F7556}") = "SolarTracker", "SolarTracker\SolarTracker.csproj", "{CFA78A63-32B4-479A-84E2-DB24955B034F}"
EndProject
Project("{2150E333-8FDC-42A3-9474-1A3956D46DE8}") = "SolutionFiles", "SolutionFiles", "{2550C4D8-8849-4BEA-8980-60BDD47B59A8}"
	ProjectSection(SolutionItems) = preProject
		deployToPi.ps1 = deployToPi.ps1
		Directory.Build.props = Directory.Build.props
		README.md = README.md
		version.json = version.json
	EndProjectSection
EndProject
Global
	GlobalSection(SolutionConfigurationPlatforms) = preSolution
		Debug|Any CPU = Debug|Any CPU
		Release|Any CPU = Release|Any CPU
	EndGlobalSection
	GlobalSection(ProjectConfigurationPlatforms) = postSolution
		{CFA78A63-32B4-479A-84E2-DB24955B034F}.Debug|Any CPU.ActiveCfg = Debug|Any CPU
		{CFA78A63-32B4-479A-84E2-DB24955B034F}.Debug|Any CPU.Build.0 = Debug|Any CPU
		{CFA78A63-32B4-479A-84E2-DB24955B034F}.Release|Any CPU.ActiveCfg = Release|Any CPU
		{CFA78A63-32B4-479A-84E2-DB24955B034F}.Release|Any CPU.Build.0 = Release|Any CPU
	EndGlobalSection
	GlobalSection(SolutionProperties) = preSolution
		HideSolutionNode = FALSE
	EndGlobalSection
	GlobalSection(ExtensibilityGlobals) = postSolution
		SolutionGuid = {DDB402F9-D4FE-4572-8F8D-4A3BDD9939AB}
	EndGlobalSection
EndGlobal
